
Microsoft Visual Studio Solution File, Format Version 12.00
# Visual Studio Version 16
VisualStudioVersion = 16.0.30320.27
MinimumVisualStudioVersion = 10.0.40219.1
Project("{FAE04EC0-301F-11D3-BF4B-00C04F79EFBC}") = "FIT5120_Project_Refugees", "FIT5120_Project_Refugees\FIT5120_Project_Refugees.csproj", "{CAEFDEA7-2F3F-4F9B-A1B1-C6F24731E686}"
EndProject
Global
	GlobalSection(SolutionConfigurationPlatforms) = preSolution
		Debug|Any CPU = Debug|Any CPU
		Release|Any CPU = Release|Any CPU
	EndGlobalSection
	GlobalSection(ProjectConfigurationPlatforms) = postSolution
		{CAEFDEA7-2F3F-4F9B-A1B1-C6F24731E686}.Debug|Any CPU.ActiveCfg = Debug|Any CPU
		{CAEFDEA7-2F3F-4F9B-A1B1-C6F24731E686}.Debug|Any CPU.Build.0 = Debug|Any CPU
		{CAEFDEA7-2F3F-4F9B-A1B1-C6F24731E686}.Release|Any CPU.ActiveCfg = Release|Any CPU
		{CAEFDEA7-2F3F-4F9B-A1B1-C6F24731E686}.Release|Any CPU.Build.0 = Release|Any CPU
	EndGlobalSection
	GlobalSection(SolutionProperties) = preSolution
		HideSolutionNode = FALSE
	EndGlobalSection
	GlobalSection(ExtensibilityGlobals) = postSolution
		SolutionGuid = {1689FFBA-A992-4637-83AE-BF4DDE7E572C}
	EndGlobalSection
EndGlobal
